{
  "version": 4,
  "terraform_version": "0.12.18",
  "serial": 7,
  "lineage": "5afdd8df-da19-b873-0fb7-4693fce9de3c",
  "outputs": {},
  "resources": [
    {
      "module": "module.container",
      "mode": "managed",
      "type": "docker_container",
      "name": "container_id",
      "provider": "provider.docker",
      "instances": [
        {
          "status": "tainted",
          "schema_version": 1,
          "attributes": {
            "attach": false,
            "bridge": null,
            "capabilities": [],
            "command": null,
            "container_logs": null,
            "cpu_set": null,
            "cpu_shares": null,
            "destroy_grace_seconds": null,
            "devices": [],
            "dns": null,
            "dns_opts": null,
            "dns_search": null,
            "domainname": null,
            "entrypoint": null,
            "env": null,
            "exit_code": null,
            "gateway": null,
            "group_add": null,
            "healthcheck": [],
            "host": [],
            "hostname": null,
            "id": "e554a9228c0b2b313736338b93911191de3fd57361ec1821a632ebc0e7cf192d",
            "image": "sha256:5087ec25083ca2fcff87e1ab71165080126af5cbfcc146d214fce7437f93d50e",
            "ip_address": null,
            "ip_prefix_length": null,
            "ipc_mode": null,
            "labels": null,
            "links": null,
            "log_driver": "json-file",
            "log_opts": null,
            "logs": false,
            "max_retry_count": null,
            "memory": null,
            "memory_swap": null,
            "mounts": [],
            "must_run": true,
            "name": "blog",
            "network_alias": null,
            "network_data": null,
            "network_mode": null,
            "networks": null,
            "networks_advanced": [],
            "pid_mode": null,
            "ports": [
              {
                "external": 80,
                "internal": 2368,
                "ip": "0.0.0.0",
                "protocol": "tcp"
              }
            ],
            "privileged": null,
            "publish_all_ports": null,
            "read_only": false,
            "restart": "no",
            "rm": false,
            "shm_size": null,
            "start": true,
            "sysctls": null,
            "tmpfs": null,
            "ulimit": [],
            "upload": [],
            "user": null,
            "userns_mode": null,
            "volumes": [],
            "working_dir": null
          },
          "private": "eyJzY2hlbWFfdmVyc2lvbiI6IjEifQ==",
          "dependencies": [
            "module.image.docker_image.image_id"
          ]
        }
      ]
    },
    {
      "module": "module.image",
      "mode": "managed",
      "type": "docker_image",
      "name": "image_id",
      "provider": "provider.docker",
      "instances": [
        {
          "schema_version": 0,
          "attributes": {
            "id": "sha256:5087ec25083ca2fcff87e1ab71165080126af5cbfcc146d214fce7437f93d50eghost:latest",
            "keep_locally": null,
            "latest": "sha256:5087ec25083ca2fcff87e1ab71165080126af5cbfcc146d214fce7437f93d50e",
            "name": "ghost:latest",
            "pull_trigger": null,
            "pull_triggers": null
          },
          "private": "bnVsbA=="
        }
      ]
    }
  ]
}
